
Microsoft Visual Studio Solution File, Format Version 12.00
# Visual Studio 14
VisualStudioVersion = 14.0.25420.1
MinimumVisualStudioVersion = 10.0.40219.1
Project("{54435603-DBB4-11D2-8724-00A0C9A8B90C}") = "MMS_Installer", "MMS_Installer\MMS_Installer.vdproj", "{05BF655D-F93B-4C98-B0B3-E1C47F3BB783}"
EndProject
Project("{FAE04EC0-301F-11D3-BF4B-00C04F79EFBC}") = "MMS", "..\MMS\MMS.csproj", "{9729E009-4022-4F7A-AE29-60620B39CE01}"
EndProject
Global
	GlobalSection(SolutionConfigurationPlatforms) = preSolution
		Debug|Any CPU = Debug|Any CPU
		Release|Any CPU = Release|Any CPU
	EndGlobalSection
	GlobalSection(ProjectConfigurationPlatforms) = postSolution
		{05BF655D-F93B-4C98-B0B3-E1C47F3BB783}.Debug|Any CPU.ActiveCfg = Debug
		{05BF655D-F93B-4C98-B0B3-E1C47F3BB783}.Debug|Any CPU.Build.0 = Debug
		{05BF655D-F93B-4C98-B0B3-E1C47F3BB783}.Release|Any CPU.ActiveCfg = Release
		{05BF655D-F93B-4C98-B0B3-E1C47F3BB783}.Release|Any CPU.Build.0 = Release
		{9729E009-4022-4F7A-AE29-60620B39CE01}.Debug|Any CPU.ActiveCfg = Debug|Any CPU
		{9729E009-4022-4F7A-AE29-60620B39CE01}.Debug|Any CPU.Build.0 = Debug|Any CPU
		{9729E009-4022-4F7A-AE29-60620B39CE01}.Release|Any CPU.ActiveCfg = Release|Any CPU
		{9729E009-4022-4F7A-AE29-60620B39CE01}.Release|Any CPU.Build.0 = Release|Any CPU
	EndGlobalSection
	GlobalSection(SolutionProperties) = preSolution
		HideSolutionNode = FALSE
	EndGlobalSection
EndGlobal
